
Microsoft Visual Studio Solution File, Format Version 12.00
# Visual Studio 15
VisualStudioVersion = 15.0.27428.2037
MinimumVisualStudioVersion = 10.0.40219.1
Project("{8BC9CEB8-8B4A-11D0-8D11-00A0C91BC942}") = "test2020.01.23", "test2020.01.23.vcxproj", "{BBF52B77-21D0-4057-9E6C-AE79BA28D208}"
EndProject
Global
	GlobalSection(SolutionConfigurationPlatforms) = preSolution
		Debug|x64 = Debug|x64
		Debug|x86 = Debug|x86
		Release|x64 = Release|x64
		Release|x86 = Release|x86
	EndGlobalSection
	GlobalSection(ProjectConfigurationPlatforms) = postSolution
		{BBF52B77-21D0-4057-9E6C-AE79BA28D208}.Debug|x64.ActiveCfg = Debug|x64
		{BBF52B77-21D0-4057-9E6C-AE79BA28D208}.Debug|x64.Build.0 = Debug|x64
		{BBF52B77-21D0-4057-9E6C-AE79BA28D208}.Debug|x86.ActiveCfg = Debug|Win32
		{BBF52B77-21D0-4057-9E6C-AE79BA28D208}.Debug|x86.Build.0 = Debug|Win32
		{BBF52B77-21D0-4057-9E6C-AE79BA28D208}.Release|x64.ActiveCfg = Release|x64
		{BBF52B77-21D0-4057-9E6C-AE79BA28D208}.Release|x64.Build.0 = Release|x64
		{BBF52B77-21D0-4057-9E6C-AE79BA28D208}.Release|x86.ActiveCfg = Release|Win32
		{BBF52B77-21D0-4057-9E6C-AE79BA28D208}.Release|x86.Build.0 = Release|Win32
	EndGlobalSection
	GlobalSection(SolutionProperties) = preSolution
		HideSolutionNode = FALSE
	EndGlobalSection
	GlobalSection(ExtensibilityGlobals) = postSolution
		SolutionGuid = {C05D07F8-F248-4755-9BC2-007A323FA30F}
	EndGlobalSection
EndGlobal
