<?xml version="1.0" encoding="utf-8"?>
<Project ToolsVersion="4.0" xmlns="http://schemas.microsoft.com/developer/msbuild/2003">
  <ItemGroup>
    <Filter Include="シーン">
      <UniqueIdentifier>{f7c3721e-c6a3-4d4f-bb94-089dc501d476}</UniqueIdentifier>
    </Filter>
    <Filter Include="シーン\ゲーム">
      <UniqueIdentifier>{6884cae0-ea6d-4056-b061-c7a5a1744dba}</UniqueIdentifier>
    </Filter>
    <Filter Include="メイン">
      <UniqueIdentifier>{b7f9adab-523d-4f07-ac85-f58284d9304b}</UniqueIdentifier>
    </Filter>
    <Filter Include="環境">
      <UniqueIdentifier>{73e7a51a-de5f-4082-86fe-261792b3e2b7}</UniqueIdentifier>
    </Filter>
    <Filter Include="メイン\Direct3D">
      <UniqueIdentifier>{53d197d9-a544-490b-97a3-09edc4a42002}</UniqueIdentifier>
    </Filter>
    <Filter Include="シーン\ゲーム\ギミック">
      <UniqueIdentifier>{6817f210-943c-4943-8fa3-37a89291afe9}</UniqueIdentifier>
    </Filter>
    <Filter Include="シーン\ゲーム\プレイヤー">
      <UniqueIdentifier>{43aad99a-87be-4d74-b8af-1fd51fc135dc}</UniqueIdentifier>
    </Filter>
    <Filter Include="シーン\ゲーム\地形">
      <UniqueIdentifier>{3bb42716-525c-4761-992e-89c487d0602a}</UniqueIdentifier>
    </Filter>
    <Filter Include="シーン\ゲーム\背景">
      <UniqueIdentifier>{486aa41d-0532-48f0-8f57-26d506f144e0}</UniqueIdentifier>
    </Filter>
    <Filter Include="シーン\タイトル">
      <UniqueIdentifier>{ace902e8-e22d-4c15-b0d0-be108db5f2df}</UniqueIdentifier>
    </Filter>
    <Filter Include="スプライト">
      <UniqueIdentifier>{1c6c78c2-2cd7-47df-9f11-e39eafb539aa}</UniqueIdentifier>
    </Filter>
    <Filter Include="趙">
      <UniqueIdentifier>{f74032f5-3770-441c-a35e-fd6c777661fa}</UniqueIdentifier>
    </Filter>
  </ItemGroup>
  <ItemGroup>
    <ClCompile Include="background.cpp">
      <Filter>シーン\ゲーム\背景</Filter>
    </ClCompile>
    <ClCompile Include="bridge.cpp">
      <Filter>シーン\ゲーム\ギミック</Filter>
    </ClCompile>
    <ClCompile Include="camera.cpp">
      <Filter>環境</Filter>
    </ClCompile>
    <ClCompile Include="candle.cpp">
      <Filter>シーン\ゲーム\ギミック</Filter>
    </ClCompile>
    <ClCompile Include="debugproc.cpp">
      <Filter>環境</Filter>
    </ClCompile>
    <ClCompile Include="direct3d.cpp">
      <Filter>メイン\Direct3D</Filter>
    </ClCompile>
    <ClCompile Include="goal.cpp">
      <Filter>シーン\ゲーム\地形</Filter>
    </ClCompile>
    <ClCompile Include="ground.cpp">
      <Filter>シーン\ゲーム\地形</Filter>
    </ClCompile>
    <ClCompile Include="input.cpp">
      <Filter>環境</Filter>
    </ClCompile>
    <ClCompile Include="main.cpp">
      <Filter>メイン</Filter>
    </ClCompile>
    <ClCompile Include="player.cpp">
      <Filter>シーン\ゲーム\プレイヤー</Filter>
    </ClCompile>
    <ClCompile Include="seika.cpp">
      <Filter>シーン\ゲーム\プレイヤー</Filter>
    </ClCompile>
    <ClCompile Include="scene.cpp">
      <Filter>シーン</Filter>
    </ClCompile>
    <ClCompile Include="Game.cpp">
      <Filter>シーン\ゲーム</Filter>
    </ClCompile>
    <ClCompile Include="Title.cpp">
      <Filter>シーン\タイトル</Filter>
    </ClCompile>
    <ClCompile Include="sprite.cpp">
      <Filter>スプライト</Filter>
    </ClCompile>
    <ClCompile Include="texture.cpp">
      <Filter>スプライト</Filter>
    </ClCompile>
    <ClCompile Include="light.cpp">
      <Filter>シーン\ゲーム\プレイヤー</Filter>
    </ClCompile>
    <ClCompile Include="ghost.cpp">
      <Filter>シーン\ゲーム\ギミック</Filter>
    </ClCompile>
    <ClCompile Include="fog.cpp">
      <Filter>シーン\ゲーム\背景</Filter>
    </ClCompile>
    <ClCompile Include="object.cpp">
      <Filter>趙</Filter>
    </ClCompile>
  </ItemGroup>
  <ItemGroup>
    <ClInclude Include="background.h">
      <Filter>シーン\ゲーム\背景</Filter>
    </ClInclude>
    <ClInclude Include="bridge.h">
      <Filter>シーン\ゲーム\ギミック</Filter>
    </ClInclude>
    <ClInclude Include="camera.h">
      <Filter>環境</Filter>
    </ClInclude>
    <ClInclude Include="candle.h">
      <Filter>シーン\ゲーム\ギミック</Filter>
    </ClInclude>
    <ClInclude Include="common.h">
      <Filter>メイン</Filter>
    </ClInclude>
    <ClInclude Include="debugproc.h">
      <Filter>環境</Filter>
    </ClInclude>
    <ClInclude Include="direct3d.h">
      <Filter>メイン\Direct3D</Filter>
    </ClInclude>
    <ClInclude Include="goal.h">
      <Filter>シーン\ゲーム\地形</Filter>
    </ClInclude>
    <ClInclude Include="ground.h">
      <Filter>シーン\ゲーム\地形</Filter>
    </ClInclude>
    <ClInclude Include="input.h">
      <Filter>環境</Filter>
    </ClInclude>
    <ClInclude Include="main.h">
      <Filter>メイン</Filter>
    </ClInclude>
    <ClInclude Include="player.h">
      <Filter>シーン\ゲーム\プレイヤー</Filter>
    </ClInclude>
    <ClInclude Include="seika.h">
      <Filter>シーン\ゲーム\プレイヤー</Filter>
    </ClInclude>
    <ClInclude Include="vertex.h">
      <Filter>メイン\Direct3D</Filter>
    </ClInclude>
    <ClInclude Include="scene.h">
      <Filter>シーン</Filter>
    </ClInclude>
    <ClInclude Include="Game.h">
      <Filter>シーン\ゲーム</Filter>
    </ClInclude>
    <ClInclude Include="Title.h">
      <Filter>シーン\タイトル</Filter>
    </ClInclude>
    <ClInclude Include="sprite.h">
      <Filter>スプライト</Filter>
    </ClInclude>
    <ClInclude Include="texture.h">
      <Filter>スプライト</Filter>
    </ClInclude>
    <ClInclude Include="light.h">
      <Filter>シーン\ゲーム\プレイヤー</Filter>
    </ClInclude>
    <ClInclude Include="ghost.h">
      <Filter>シーン\ゲーム\ギミック</Filter>
    </ClInclude>
    <ClInclude Include="fog.h">
      <Filter>シーン\ゲーム\背景</Filter>
    </ClInclude>
    <ClInclude Include="object.h">
      <Filter>趙</Filter>
    </ClInclude>
  </ItemGroup>
</Project>